
Microsoft Visual Studio Solution File, Format Version 12.00
# Visual Studio 14
VisualStudioVersion = 14.0.25123.0
MinimumVisualStudioVersion = 10.0.40219.1
Project("{F088123C-0E9E-452A-89E6-6BA2F21D5CAC}") = "ModelDDD", "ModelDDD\ModelDDD.modelproj", "{39FD274C-1D6E-45F1-9DB4-8F37D688FD8C}"
EndProject
Project("{FAE04EC0-301F-11D3-BF4B-00C04F79EFBC}") = "Norne.Web", "Norne.Web\Norne.Web.csproj", "{0762AD1C-5DDF-4A20-865A-6FF936CC264C}"
EndProject
Project("{FAE04EC0-301F-11D3-BF4B-00C04F79EFBC}") = "Norne.Tests", "Norne.Tests\Norne.Tests.csproj", "{022473A7-7116-400B-ADBE-4FD498D97330}"
EndProject
Project("{FAE04EC0-301F-11D3-BF4B-00C04F79EFBC}") = "Norne.DAL", "Norne.DAL\Norne.DAL.csproj", "{86311CB0-54C8-4469-8BA6-B08359C58CAD}"
EndProject
Project("{FAE04EC0-301F-11D3-BF4B-00C04F79EFBC}") = "Norne.Models", "Norne.Models\Norne.Models.csproj", "{2D82C245-7672-4F0B-80A8-ED37EDBD7368}"
EndProject
Project("{FAE04EC0-301F-11D3-BF4B-00C04F79EFBC}") = "Norne.Business", "Norne.Business\Norne.Business.csproj", "{9BE6C72D-2A79-4CB8-8543-ACD52C93E3C4}"
EndProject
Project("{FAE04EC0-301F-11D3-BF4B-00C04F79EFBC}") = "ModelDDDLib", "ModelDDDLib\ModelDDDLib.csproj", "{AE2B11DD-5A17-4960-90DA-16A8C78A4958}"
EndProject
Project("{FAE04EC0-301F-11D3-BF4B-00C04F79EFBC}") = "Norne.Utils", "Norne.Utils\Norne.Utils.csproj", "{84553199-F990-4D31-82F5-036CDD968D5F}"
EndProject
Global
	GlobalSection(SolutionConfigurationPlatforms) = preSolution
		Debug|Any CPU = Debug|Any CPU
		Release|Any CPU = Release|Any CPU
	EndGlobalSection
	GlobalSection(ProjectConfigurationPlatforms) = postSolution
		{39FD274C-1D6E-45F1-9DB4-8F37D688FD8C}.Debug|Any CPU.ActiveCfg = Debug|Any CPU
		{39FD274C-1D6E-45F1-9DB4-8F37D688FD8C}.Debug|Any CPU.Build.0 = Debug|Any CPU
		{39FD274C-1D6E-45F1-9DB4-8F37D688FD8C}.Release|Any CPU.ActiveCfg = Release|Any CPU
		{39FD274C-1D6E-45F1-9DB4-8F37D688FD8C}.Release|Any CPU.Build.0 = Release|Any CPU
		{0762AD1C-5DDF-4A20-865A-6FF936CC264C}.Debug|Any CPU.ActiveCfg = Debug|Any CPU
		{0762AD1C-5DDF-4A20-865A-6FF936CC264C}.Debug|Any CPU.Build.0 = Debug|Any CPU
		{0762AD1C-5DDF-4A20-865A-6FF936CC264C}.Release|Any CPU.ActiveCfg = Release|Any CPU
		{0762AD1C-5DDF-4A20-865A-6FF936CC264C}.Release|Any CPU.Build.0 = Release|Any CPU
		{022473A7-7116-400B-ADBE-4FD498D97330}.Debug|Any CPU.ActiveCfg = Debug|Any CPU
		{022473A7-7116-400B-ADBE-4FD498D97330}.Debug|Any CPU.Build.0 = Debug|Any CPU
		{022473A7-7116-400B-ADBE-4FD498D97330}.Release|Any CPU.ActiveCfg = Release|Any CPU
		{022473A7-7116-400B-ADBE-4FD498D97330}.Release|Any CPU.Build.0 = Release|Any CPU
		{86311CB0-54C8-4469-8BA6-B08359C58CAD}.Debug|Any CPU.ActiveCfg = Debug|Any CPU
		{86311CB0-54C8-4469-8BA6-B08359C58CAD}.Debug|Any CPU.Build.0 = Debug|Any CPU
		{86311CB0-54C8-4469-8BA6-B08359C58CAD}.Release|Any CPU.ActiveCfg = Release|Any CPU
		{86311CB0-54C8-4469-8BA6-B08359C58CAD}.Release|Any CPU.Build.0 = Release|Any CPU
		{2D82C245-7672-4F0B-80A8-ED37EDBD7368}.Debug|Any CPU.ActiveCfg = Debug|Any CPU
		{2D82C245-7672-4F0B-80A8-ED37EDBD7368}.Debug|Any CPU.Build.0 = Debug|Any CPU
		{2D82C245-7672-4F0B-80A8-ED37EDBD7368}.Release|Any CPU.ActiveCfg = Release|Any CPU
		{2D82C245-7672-4F0B-80A8-ED37EDBD7368}.Release|Any CPU.Build.0 = Release|Any CPU
		{9BE6C72D-2A79-4CB8-8543-ACD52C93E3C4}.Debug|Any CPU.ActiveCfg = Debug|Any CPU
		{9BE6C72D-2A79-4CB8-8543-ACD52C93E3C4}.Debug|Any CPU.Build.0 = Debug|Any CPU
		{9BE6C72D-2A79-4CB8-8543-ACD52C93E3C4}.Release|Any CPU.ActiveCfg = Release|Any CPU
		{9BE6C72D-2A79-4CB8-8543-ACD52C93E3C4}.Release|Any CPU.Build.0 = Release|Any CPU
		{AE2B11DD-5A17-4960-90DA-16A8C78A4958}.Debug|Any CPU.ActiveCfg = Debug|Any CPU
		{AE2B11DD-5A17-4960-90DA-16A8C78A4958}.Debug|Any CPU.Build.0 = Debug|Any CPU
		{AE2B11DD-5A17-4960-90DA-16A8C78A4958}.Release|Any CPU.ActiveCfg = Release|Any CPU
		{AE2B11DD-5A17-4960-90DA-16A8C78A4958}.Release|Any CPU.Build.0 = Release|Any CPU
		{84553199-F990-4D31-82F5-036CDD968D5F}.Debug|Any CPU.ActiveCfg = Debug|Any CPU
		{84553199-F990-4D31-82F5-036CDD968D5F}.Debug|Any CPU.Build.0 = Debug|Any CPU
		{84553199-F990-4D31-82F5-036CDD968D5F}.Release|Any CPU.ActiveCfg = Release|Any CPU
		{84553199-F990-4D31-82F5-036CDD968D5F}.Release|Any CPU.Build.0 = Release|Any CPU
	EndGlobalSection
	GlobalSection(SolutionProperties) = preSolution
		HideSolutionNode = FALSE
	EndGlobalSection
EndGlobal
